PODS:
  - AAInfographics (7.3.0)
  - RxCocoa (6.5.0):
    - RxRelay (= 6.5.0)
    - RxSwift (= 6.5.0)
  - RxRelay (6.5.0):
    - RxSwift (= 6.5.0)
  - RxSwift (6.5.0)

DEPENDENCIES:
  - AAInfographics
  - RxCocoa
  - RxSwift

SPEC REPOS:
  trunk:
    - AAInfographics
    - RxCocoa
    - RxRelay
    - RxSwift

SPEC CHECKSUMS:
  AAInfographics: ee2a7959acdd0a00243b7f5a3f03a1fa2bdf0781
  RxCocoa: 94f817b71c07517321eb4f9ad299112ca8af743b
  RxRelay: 1de1523e604c72b6c68feadedd1af3b1b4d0ecbd
  RxSwift: 5710a9e6b17f3c3d6e40d6e559b9fa1e813b2ef8

PODFILE CHECKSUM: 56b680dcf50559466ae92f07ae9711356e06e444

COCOAPODS: 1.11.3
